
Microsoft Visual Studio Solution File, Format Version 12.00
# Visual Studio Version 16
VisualStudioVersion = 16.0.31624.102
MinimumVisualStudioVersion = 10.0.40219.1
Project("{FAE04EC0-301F-11D3-BF4B-00C04F79EFBC}") = "Nachweis Formularlayouttechnik", "Nachweis Formularlayouttechnik\Nachweis Formularlayouttechnik.csproj", "{CD8D8945-391E-445D-8B5E-51932149797A}"
EndProject
Global
	GlobalSection(SolutionConfigurationPlatforms) = preSolution
		Debug|Any CPU = Debug|Any CPU
		Release|Any CPU = Release|Any CPU
	EndGlobalSection
	GlobalSection(ProjectConfigurationPlatforms) = postSolution
		{CD8D8945-391E-445D-8B5E-51932149797A}.Debug|Any CPU.ActiveCfg = Debug|Any CPU
		{CD8D8945-391E-445D-8B5E-51932149797A}.Debug|Any CPU.Build.0 = Debug|Any CPU
		{CD8D8945-391E-445D-8B5E-51932149797A}.Release|Any CPU.ActiveCfg = Release|Any CPU
		{CD8D8945-391E-445D-8B5E-51932149797A}.Release|Any CPU.Build.0 = Release|Any CPU
	EndGlobalSection
	GlobalSection(SolutionProperties) = preSolution
		HideSolutionNode = FALSE
	EndGlobalSection
	GlobalSection(ExtensibilityGlobals) = postSolution
		SolutionGuid = {90D708F2-8BB6-4288-A215-D5F5F22471A1}
	EndGlobalSection
EndGlobal
